
Microsoft Visual Studio Solution File, Format Version 12.00
# Visual Studio Version 16
VisualStudioVersion = 16.0.30320.27
MinimumVisualStudioVersion = 10.0.40219.1
Project("{FAE04EC0-301F-11D3-BF4B-00C04F79EFBC}") = "Unity_Data_Snapshot_Tool_Injection", "Unity_Data_Snapshot_Tool_Injection\Unity_Data_Snapshot_Tool_Injection.csproj", "{720AFADC-6417-4E1A-8487-BEA70BA57844}"
EndProject
Global
	GlobalSection(SolutionConfigurationPlatforms) = preSolution
		Debug|Any CPU = Debug|Any CPU
		Release|Any CPU = Release|Any CPU
	EndGlobalSection
	GlobalSection(ProjectConfigurationPlatforms) = postSolution
		{720AFADC-6417-4E1A-8487-BEA70BA57844}.Debug|Any CPU.ActiveCfg = Debug|Any CPU
		{720AFADC-6417-4E1A-8487-BEA70BA57844}.Debug|Any CPU.Build.0 = Debug|Any CPU
		{720AFADC-6417-4E1A-8487-BEA70BA57844}.Release|Any CPU.ActiveCfg = Release|Any CPU
		{720AFADC-6417-4E1A-8487-BEA70BA57844}.Release|Any CPU.Build.0 = Release|Any CPU
	EndGlobalSection
	GlobalSection(SolutionProperties) = preSolution
		HideSolutionNode = FALSE
	EndGlobalSection
	GlobalSection(ExtensibilityGlobals) = postSolution
		SolutionGuid = {00919AF1-DC56-4A45-8C4F-A6643CD852E0}
	EndGlobalSection
EndGlobal
